
Microsoft Visual Studio Solution File, Format Version 12.00
# Visual Studio Version 16
VisualStudioVersion = 16.0.31005.135
MinimumVisualStudioVersion = 10.0.40219.1
Project("{FAE04EC0-301F-11D3-BF4B-00C04F79EFBC}") = "ProjetoRefeicao", "ProjetoRefeicao\ProjetoRefeicao.csproj", "{911A9A8E-E464-485F-8554-34320B091D69}"
EndProject
Global
	GlobalSection(SolutionConfigurationPlatforms) = preSolution
		Debug|Any CPU = Debug|Any CPU
		Release|Any CPU = Release|Any CPU
	EndGlobalSection
	GlobalSection(ProjectConfigurationPlatforms) = postSolution
		{911A9A8E-E464-485F-8554-34320B091D69}.Debug|Any CPU.ActiveCfg = Debug|Any CPU
		{911A9A8E-E464-485F-8554-34320B091D69}.Debug|Any CPU.Build.0 = Debug|Any CPU
		{911A9A8E-E464-485F-8554-34320B091D69}.Release|Any CPU.ActiveCfg = Release|Any CPU
		{911A9A8E-E464-485F-8554-34320B091D69}.Release|Any CPU.Build.0 = Release|Any CPU
	EndGlobalSection
	GlobalSection(SolutionProperties) = preSolution
		HideSolutionNode = FALSE
	EndGlobalSection
	GlobalSection(ExtensibilityGlobals) = postSolution
		SolutionGuid = {F45D8118-24E0-4AFB-A4CD-69BBAEBA4CDD}
	EndGlobalSection
EndGlobal
